{
  "projects": [
    {
      "projectId": "seaQhLVS4bbjiGvJJrRwyL",
      "version": "15.0.3",
      "dependencies": {},
      "lang": "js",
      "fileLocks": [
        {
          "assetId": "seaQhLVS4bbjiGvJJrRwyL",
          "type": "projectCss",
          "checksum": "dc88471beadb978e51eb3ceb75d10fdb"
        }
      ]
    },
    {
      "projectId": "bGhfLbpuPrsnLdpUo1t3d",
      "version": "latest",
      "dependencies": {
        "seaQhLVS4bbjiGvJJrRwyL": "15.0.3"
      },
      "lang": "js",
      "fileLocks": [
        {
          "type": "globalVariant",
          "assetId": "j0pD0TqEwUAIP",
          "checksum": "e3d8bc1c0479766367a20ebd39b018c4"
        },
        {
          "type": "renderModule",
          "assetId": "sS6ndo3eesH-",
          "checksum": "7e17ec166d46d7b4db5e88a44f257184"
        },
        {
          "type": "cssRules",
          "assetId": "sS6ndo3eesH-",
          "checksum": "66284f6765c3f6aa4935ccc06b55cbbb"
        },
        {
          "type": "renderModule",
          "assetId": "rza15Hvo13Ik",
          "checksum": "6a1873a65fdb150e016040ae23a80d57"
        },
        {
          "type": "cssRules",
          "assetId": "rza15Hvo13Ik",
          "checksum": "2124bbcb6cde2038b9c097aa6d0a4af7"
        },
        {
          "type": "renderModule",
          "assetId": "u59lQpZjhY09",
          "checksum": "0f7c34d6dfe9b605b45eac2c73621608"
        },
        {
          "type": "cssRules",
          "assetId": "u59lQpZjhY09",
          "checksum": "28df91acf1b2f69f8506048560aaf804"
        },
        {
          "type": "renderModule",
          "assetId": "kvSBRIpxnNs6",
          "checksum": "2b287ea670d6936fbb1121072bbc5f64"
        },
        {
          "type": "cssRules",
          "assetId": "kvSBRIpxnNs6",
          "checksum": "73ebe74130cd232c4185ba5d74235d4a"
        },
        {
          "type": "renderModule",
          "assetId": "kADghGVlNdQS",
          "checksum": "b4400a0980ec999abec10fb66a35c6fc"
        },
        {
          "type": "cssRules",
          "assetId": "kADghGVlNdQS",
          "checksum": "8eed31314952e67b9451b3ed47c3dc1e"
        },
        {
          "type": "renderModule",
          "assetId": "u8N8ig3kp_va",
          "checksum": "217a8177d81f12694051b5d5f0445ba9"
        },
        {
          "type": "cssRules",
          "assetId": "u8N8ig3kp_va",
          "checksum": "56a0e969bc44937c997a1393edf6cc15"
        },
        {
          "type": "renderModule",
          "assetId": "GVCcEq9RUx2V",
          "checksum": "f79253dde8ecc56e3e57ff9c44e80131"
        },
        {
          "type": "cssRules",
          "assetId": "GVCcEq9RUx2V",
          "checksum": "e7e4900773805cc903a6a8caa610edd8"
        },
        {
          "type": "renderModule",
          "assetId": "Dumym2P0mPVt",
          "checksum": "451e46340e0afc54ce5bb7290e10465c"
        },
        {
          "type": "cssRules",
          "assetId": "Dumym2P0mPVt",
          "checksum": "36c891501cf431b5c9c08b26abb0aaa2"
        },
        {
          "type": "renderModule",
          "assetId": "MYEQWF6CwFrWF",
          "checksum": "dead973c863bda0298c5db48664d85e0"
        },
        {
          "type": "cssRules",
          "assetId": "MYEQWF6CwFrWF",
          "checksum": "7b74303390664bc0efa6d8eab94a7074"
        },
        {
          "type": "renderModule",
          "assetId": "pLRH08ZjsST5x",
          "checksum": "964a9edd7e2b8e7f56a920b69821433f"
        },
        {
          "type": "cssRules",
          "assetId": "pLRH08ZjsST5x",
          "checksum": "2bd476b8d9269e2e4f5cc6fddbeeebc9"
        },
        {
          "type": "renderModule",
          "assetId": "QX2t-lKU4j3vm",
          "checksum": "763013e99b6b9b06e9a41c9b2be75c8b"
        },
        {
          "type": "cssRules",
          "assetId": "QX2t-lKU4j3vm",
          "checksum": "5483afa1863730bae4046ee1ce6a966a"
        },
        {
          "type": "renderModule",
          "assetId": "RaxUROeLiIb7I",
          "checksum": "ce65652f6fcf4d3728f31ae90a18b55e"
        },
        {
          "type": "cssRules",
          "assetId": "RaxUROeLiIb7I",
          "checksum": "5222fcf6dd7fd7ffff14f54988cfe687"
        },
        {
          "type": "renderModule",
          "assetId": "LZGM4Yp_pXVWY",
          "checksum": "8710426ff4c1874e2008339e07cf9123"
        },
        {
          "type": "cssRules",
          "assetId": "LZGM4Yp_pXVWY",
          "checksum": "dd53360ea5e52ca16edac1501bcf7ef5"
        },
        {
          "type": "renderModule",
          "assetId": "bqyFOuhIkq3X7",
          "checksum": "894d5a1ae35eb08d8c02d2c9b3714372"
        },
        {
          "type": "cssRules",
          "assetId": "bqyFOuhIkq3X7",
          "checksum": "16cbcf02fd71e14a49e77c33189ca77f"
        },
        {
          "type": "renderModule",
          "assetId": "BHmxGDrMbzr5z",
          "checksum": "d6e53191ede7fa6a7d23259b6d96dc3a"
        },
        {
          "type": "cssRules",
          "assetId": "BHmxGDrMbzr5z",
          "checksum": "b83d43885fced85c3a0d3f82b070363e"
        },
        {
          "type": "renderModule",
          "assetId": "flwPHin7_uuYY",
          "checksum": "a6e5f1c9265eb572de4db66e1c36a9bb"
        },
        {
          "type": "cssRules",
          "assetId": "flwPHin7_uuYY",
          "checksum": "c12a966432b357b3bbdfe4a300d9b40d"
        },
        {
          "type": "renderModule",
          "assetId": "jxI2rvkZX6",
          "checksum": "f8fa724828a36a366b94e2f7ad383cb9"
        },
        {
          "type": "cssRules",
          "assetId": "jxI2rvkZX6",
          "checksum": "931c45ef288fbd7839913f62f093d9fb"
        },
        {
          "type": "renderModule",
          "assetId": "gQd9sIYKcJ",
          "checksum": "c74b6ddd5d808228d47d4b34fdfe60fa"
        },
        {
          "type": "cssRules",
          "assetId": "gQd9sIYKcJ",
          "checksum": "57dfb50b8258e4b59f79354d83c65143"
        },
        {
          "type": "renderModule",
          "assetId": "aSjR2lLD1O",
          "checksum": "4b857e80cb784d7d45e2d0a3ebd2053a"
        },
        {
          "type": "cssRules",
          "assetId": "aSjR2lLD1O",
          "checksum": "9517af2a8eafc7856c9d4aec867950a4"
        },
        {
          "type": "renderModule",
          "assetId": "4rYfOxUY8n",
          "checksum": "4f4e7ac8a3b51dff360e40b420086432"
        },
        {
          "type": "cssRules",
          "assetId": "4rYfOxUY8n",
          "checksum": "3954d0cb99662d5203aaaf19f1a9c5cf"
        },
        {
          "type": "renderModule",
          "assetId": "K5KM4aUtvi",
          "checksum": "2132ab99c8d0bec3c38ff73250fea008"
        },
        {
          "type": "cssRules",
          "assetId": "K5KM4aUtvi",
          "checksum": "21f5b4fc9e43a461352a33ef6d641114"
        },
        {
          "type": "renderModule",
          "assetId": "7NqkOLAQg9",
          "checksum": "7e106a5f397d6032c006f3df1f794c92"
        },
        {
          "type": "cssRules",
          "assetId": "7NqkOLAQg9",
          "checksum": "5d30e5b11c0eaac7e32cf897e5e17caa"
        },
        {
          "type": "renderModule",
          "assetId": "O0B8B9zzuX6",
          "checksum": "a27a971e6128d69a3956bd7b43d8e041"
        },
        {
          "type": "cssRules",
          "assetId": "O0B8B9zzuX6",
          "checksum": "faadf2f4d97b3e7f8950dfc9ca50c9da"
        },
        {
          "type": "renderModule",
          "assetId": "eiKdH07AQ2",
          "checksum": "3f2c06a742ce40c2189ccd2f4a108720"
        },
        {
          "type": "cssRules",
          "assetId": "eiKdH07AQ2",
          "checksum": "f7f7d1818429119f793925055351bc35"
        },
        {
          "type": "renderModule",
          "assetId": "fwF6B-mcVA",
          "checksum": "3548942aa69d125aaa0cde8284fa2d31"
        },
        {
          "type": "cssRules",
          "assetId": "fwF6B-mcVA",
          "checksum": "24a6cfb9680f81c556a2b980bc3b9e66"
        },
        {
          "type": "renderModule",
          "assetId": "6Omy46BVq8",
          "checksum": "8f1769f869b52f515de5e47debea2547"
        },
        {
          "type": "cssRules",
          "assetId": "6Omy46BVq8",
          "checksum": "ab3e88fbd63ebf297baf2ae86c0d95c8"
        },
        {
          "type": "renderModule",
          "assetId": "9lYi5fZQnJ",
          "checksum": "f09ee7f18ee3072ca69d9da10e500579"
        },
        {
          "type": "cssRules",
          "assetId": "9lYi5fZQnJ",
          "checksum": "2bf75ac66a96f8deb47649fbeda7a315"
        },
        {
          "type": "renderModule",
          "assetId": "ZBwA144TOF",
          "checksum": "5fdeaec025ffc2879b77e1feef3e98ec"
        },
        {
          "type": "cssRules",
          "assetId": "ZBwA144TOF",
          "checksum": "0fdef5643de95d72473f61d38a965193"
        },
        {
          "type": "icon",
          "assetId": "5rPALgzyRHAxZ",
          "checksum": "d9372fab8827f5df3018f9321066bf4d"
        },
        {
          "type": "icon",
          "assetId": "Wof83zVootXTo",
          "checksum": "4e47c9f479bb381d940d89add23c4cf8"
        },
        {
          "type": "icon",
          "assetId": "elN7sP2UIFJ4d",
          "checksum": "f3ab4c94f32e68cd1e191b9465841bcb"
        },
        {
          "type": "icon",
          "assetId": "xIWWucYrPhBON",
          "checksum": "04228903cffcdd262074834c81ed5316"
        },
        {
          "type": "icon",
          "assetId": "KnDiQq88yT3Up",
          "checksum": "a8ac390c230567abb123e1963032d25c"
        },
        {
          "type": "icon",
          "assetId": "Ajh7QXHC3-YEg",
          "checksum": "4804178b90392019cd591a6a06a45b36"
        },
        {
          "type": "icon",
          "assetId": "Hbs-kzMsG0Rkj",
          "checksum": "8d0404cb7b3e33a289c9dafca5245f16"
        },
        {
          "type": "icon",
          "assetId": "AEslQjnoLlCEz",
          "checksum": "6b44a8350ff0e6aba405004758d42834"
        },
        {
          "type": "icon",
          "assetId": "NJp216qrmvRsB",
          "checksum": "e080f118db99d40375f0063d53950129"
        },
        {
          "type": "icon",
          "assetId": "NAImNPPwKDiZM",
          "checksum": "91301227d7faf39fdbf9812acd61919e"
        },
        {
          "type": "icon",
          "assetId": "3FwOIAErwLfa1",
          "checksum": "13ddbc8742038d84bbfc39d99db29e49"
        },
        {
          "type": "icon",
          "assetId": "eCEGTFV83O2NT",
          "checksum": "7f25b3c12810ce035aa7411c4ed99c64"
        },
        {
          "type": "icon",
          "assetId": "JvuTFkDGX_XS1",
          "checksum": "bfc521b1bef9600c83ad3b94b255caca"
        },
        {
          "type": "icon",
          "assetId": "ZOPzyXsoQvWEr",
          "checksum": "0bbbf222e6e4593cfe3976cd20c48858"
        },
        {
          "type": "icon",
          "assetId": "yl545-5pNw3FC",
          "checksum": "cd6e563b369dfb978b4c34bce406eee8"
        },
        {
          "type": "icon",
          "assetId": "ZpVu-En3HCfow",
          "checksum": "ef25582f1c3d98c60a56c5cf963ab4fc"
        },
        {
          "type": "icon",
          "assetId": "AlFEJWEuBHY9k",
          "checksum": "6b9f37d2a33da05643d1a8b7d3c13e60"
        },
        {
          "type": "icon",
          "assetId": "uYqR2RtxfkUZl",
          "checksum": "0d059677b67dfaf095a70c9fd4081d09"
        },
        {
          "type": "icon",
          "assetId": "J8Iope9ZS6Zya",
          "checksum": "07b08e7a48b2a540667a5b27231b23c2"
        },
        {
          "type": "icon",
          "assetId": "H4Ft4b9Vix",
          "checksum": "fa9241544086a715727abb7a77925ea0"
        },
        {
          "type": "icon",
          "assetId": "ELlmvJERct",
          "checksum": "805f87f36b6fd2d82166bac69d51d0de"
        },
        {
          "type": "icon",
          "assetId": "ST7O1kmVRT",
          "checksum": "a82f137a5682a9414b17f2888193761f"
        },
        {
          "type": "icon",
          "assetId": "YV63tnDU76",
          "checksum": "a70eab60e4ddfa8d4a48c21c0bb02344"
        },
        {
          "type": "icon",
          "assetId": "AUONeN7Q-1",
          "checksum": "1e2d6ea9c8b0ed0aa5b6c051567be307"
        },
        {
          "type": "icon",
          "assetId": "d53dY43qIG",
          "checksum": "5a945e839b693f9d218539dc89a07bb8"
        },
        {
          "type": "icon",
          "assetId": "pDf97a3A5R",
          "checksum": "e34d8962553ce4d3d555b9815b455640"
        },
        {
          "type": "icon",
          "assetId": "fA1NfzzTaN",
          "checksum": "e9143f573529dfa94e804675bfc36022"
        },
        {
          "type": "icon",
          "assetId": "b6flz5NzWd",
          "checksum": "56600244919f031f6992dae124db7fa6"
        },
        {
          "type": "icon",
          "assetId": "_jnN_Vm8gz",
          "checksum": "d0d8b2a2d723279cfb107ded7d291b6b"
        },
        {
          "type": "icon",
          "assetId": "NUeYhRydXf",
          "checksum": "41a676c65a7eaa723786ca656be00129"
        },
        {
          "type": "image",
          "assetId": "Y4Z9i4rcLJ09g",
          "checksum": "9037672219b9777fd9a13e1cc13802cd"
        },
        {
          "type": "image",
          "assetId": "fNgJwkGYYDSsJ",
          "checksum": "77e1201526f6769ef40ecf045dd505fc"
        },
        {
          "type": "image",
          "assetId": "NWRi_vzmE9fwO",
          "checksum": "78c15f1f7e930fbba22aabece11019f4"
        },
        {
          "type": "image",
          "assetId": "k6yDZ-aiw_6UC",
          "checksum": "d5ccc4d022eb3b6fa229c9e99512f3c4"
        },
        {
          "type": "image",
          "assetId": "umggOmwawK",
          "checksum": "8b511bd9a553123ee061409b21da58db"
        },
        {
          "type": "image",
          "assetId": "AWdQM5YTYm",
          "checksum": "ba446013b09cf0cff1614c059d880611"
        },
        {
          "type": "image",
          "assetId": "ywUW2apnx",
          "checksum": "37c351d0f1b1f0e75cfcdf7c550c090c"
        },
        {
          "type": "image",
          "assetId": "95BbWlH5r",
          "checksum": "3e376238e476b1b24a61b826def69244"
        },
        {
          "type": "image",
          "assetId": "oqoMvxILI",
          "checksum": "ee5725d2fc21d266cea8c1e49ddd1e86"
        },
        {
          "type": "image",
          "assetId": "lMUI1dmmy",
          "checksum": "827e4145d10d92763984b02888303302"
        },
        {
          "type": "image",
          "assetId": "2LjvaxteR",
          "checksum": "76d3b6b3e949a7413436db1d5eda020f"
        },
        {
          "type": "image",
          "assetId": "Bn3rPoY8K",
          "checksum": "5923d6e3dbb7b7dfe4edbfe868607970"
        },
        {
          "type": "image",
          "assetId": "lAMIF4HO7",
          "checksum": "7005c55856495ebfe413eb9dff15fd91"
        },
        {
          "type": "image",
          "assetId": "YjeNuR8LH",
          "checksum": "a4675fe96d7b59ca2e183df1c5a91125"
        },
        {
          "type": "image",
          "assetId": "kiXArt_GM",
          "checksum": "87c4da3268374d5af4105285cc528620"
        },
        {
          "type": "image",
          "assetId": "V1NZM_-1N",
          "checksum": "0a3316a91e1e9e892eb7a852023a70e8"
        },
        {
          "type": "image",
          "assetId": "ff5nSsIaD",
          "checksum": "7bdba716868ed91214b6556ac2c6f9ce"
        },
        {
          "type": "image",
          "assetId": "rvzTMYXS2",
          "checksum": "f431685b59f86ef0bdd194c5b060d526"
        },
        {
          "type": "image",
          "assetId": "4JzMArvTOM",
          "checksum": "0628a89e5c42c5748a28fdd23a53b53c"
        },
        {
          "type": "image",
          "assetId": "TJL-3MsAC",
          "checksum": "ddd3e15abcb047000cefac0858eb0333"
        },
        {
          "type": "image",
          "assetId": "ATTkDISdj",
          "checksum": "9a13fde720780bd8cd9ffc72e173f5c7"
        },
        {
          "type": "image",
          "assetId": "W5D1lrhNI",
          "checksum": "f28fd9824de354546fa384a3ae0346ec"
        },
        {
          "type": "image",
          "assetId": "QMsAYx5J2",
          "checksum": "02ec001e96224ac2d10a35580ef89d5b"
        },
        {
          "type": "image",
          "assetId": "kAIt4ZfNr",
          "checksum": "c07fc85eda888b22ebefaa97e7aaf6e9"
        },
        {
          "type": "image",
          "assetId": "GgyFCHxwH",
          "checksum": "48ad29e18ec52424894fd39917548be6"
        },
        {
          "type": "icon",
          "assetId": "2GRi3ydkEi",
          "checksum": "56fc2f0646332d3e45ec446a42949bf3"
        },
        {
          "type": "icon",
          "assetId": "9ovdEH2X9U",
          "checksum": "7e73f428499ee9f00d06b2b9221f8e50"
        },
        {
          "type": "icon",
          "assetId": "khWLi80jHa",
          "checksum": "634537335254f0558e744bece2e5b10c"
        },
        {
          "type": "icon",
          "assetId": "7-IuXx2F3T",
          "checksum": "7fa9c19365c1c2dc95915345f1900efc"
        },
        {
          "type": "icon",
          "assetId": "vpNuNhTOSj",
          "checksum": "66e9878a440f5d001008ec1650b2672e"
        },
        {
          "type": "icon",
          "assetId": "GCsBs8QiTB",
          "checksum": "24e99cccfb2a01e446118639b2fac43d"
        },
        {
          "type": "icon",
          "assetId": "b_0lp8T_9",
          "checksum": "5454bff28058e408895c1cbf9067bffa"
        },
        {
          "type": "icon",
          "assetId": "XCxVFtLk-K",
          "checksum": "e8f932e1b03aa4d2c1dc7e1e527c58f0"
        },
        {
          "type": "icon",
          "assetId": "ABviE8cU4J",
          "checksum": "f4b4787f94711ab3d1c1456c9c7c29e6"
        },
        {
          "type": "icon",
          "assetId": "8TsnJpby6",
          "checksum": "da41c034fbf989916268107c7950123a"
        },
        {
          "type": "icon",
          "assetId": "4kqX1tT-Nw",
          "checksum": "d8116165f02b73bffc0ee71a4ea3ac91"
        },
        {
          "type": "image",
          "assetId": "T8H4Law-3",
          "checksum": "65b5196015c3f495f1cf801bc5412201"
        },
        {
          "type": "image",
          "assetId": "SMGU9KCzu",
          "checksum": "f8c8494bba65e64822ce206b9616bab0"
        },
        {
          "type": "image",
          "assetId": "IBNZTrB_WV",
          "checksum": "018e44b88edcb8d3501dc8e621c5108d"
        },
        {
          "type": "icon",
          "assetId": "_uvtO_GFXt",
          "checksum": "1c4be5255cbf98a56bc9f07301c18465"
        },
        {
          "type": "icon",
          "assetId": "K_b5e0JY1L",
          "checksum": "497660d6e64e7e0a1cb379571a770199"
        },
        {
          "type": "icon",
          "assetId": "gyYZ3zgYYg",
          "checksum": "6bc1ca5c6ed736768d5d404347eedb56"
        },
        {
          "type": "icon",
          "assetId": "bzJiXADxFO",
          "checksum": "ca70290caa8e4eb5bee0114aa49a128c"
        },
        {
          "type": "icon",
          "assetId": "6UKqezNH6J",
          "checksum": "3acb69685d7d961dd254482ba1bf7f34"
        },
        {
          "type": "icon",
          "assetId": "6Bvpon50IM",
          "checksum": "3c4bd3875c3f8af2654fa845376e83a5"
        },
        {
          "type": "icon",
          "assetId": "z3TzHvO6fp",
          "checksum": "05ffcaf963030e79cce451f3627a5a2c"
        },
        {
          "type": "icon",
          "assetId": "GA4jYd1Tst",
          "checksum": "7938e9882e75226996e6b1b36bb6f724"
        },
        {
          "type": "icon",
          "assetId": "L2ax5rhXMz",
          "checksum": "ef45c72fa35ae0b871cb9c7e68884ea0"
        },
        {
          "type": "icon",
          "assetId": "X7oHkErDC8",
          "checksum": "b2a123fd852d3c90a1b190706da532c1"
        },
        {
          "type": "icon",
          "assetId": "iDiGi9eopN",
          "checksum": "61928849bee9d6257a734ed2ed00ef52"
        },
        {
          "type": "image",
          "assetId": "iLlUOmEAL",
          "checksum": "67c07b71a4c6336459c63c79b2d24a6c"
        },
        {
          "type": "renderModule",
          "assetId": "i6uwCB2O_K",
          "checksum": "5f43a4c5f40063904b926c1ed12eb49f"
        },
        {
          "type": "cssRules",
          "assetId": "i6uwCB2O_K",
          "checksum": "16ef662b196c9d4a078b4c56dd6ac38e"
        },
        {
          "assetId": "bGhfLbpuPrsnLdpUo1t3d",
          "type": "projectCss",
          "checksum": "f0608a27a28169af2cec7b32ad2e475a"
        }
      ]
    },
    {
      "projectId": "rRiHBMbiCNZ6Mp9qsJpkyN",
      "version": "latest",
      "dependencies": {
        "seaQhLVS4bbjiGvJJrRwyL": "15.0.3"
      },
      "lang": "js",
      "fileLocks": [
        {
          "type": "globalVariant",
          "assetId": "ds0rkJllqclQf",
          "checksum": "e3d8bc1c0479766367a20ebd39b018c4"
        },
        {
          "type": "renderModule",
          "assetId": "9Pt8GATgG36j",
          "checksum": "2b91eb6ac30cd0ac6aa80712741b41cd"
        },
        {
          "type": "cssRules",
          "assetId": "9Pt8GATgG36j",
          "checksum": "10b759d9466bc2279e43a10e06a2800c"
        },
        {
          "type": "renderModule",
          "assetId": "uS4ZVUpSFN1i",
          "checksum": "56f5b37011df20dd6bb6adcf3a604be8"
        },
        {
          "type": "cssRules",
          "assetId": "uS4ZVUpSFN1i",
          "checksum": "f19c08506a85dd41f4a6c669e91a89eb"
        },
        {
          "type": "renderModule",
          "assetId": "cr8qTWYzmiKt",
          "checksum": "61c52b49b9c883cb3ba73be80c1c2367"
        },
        {
          "type": "cssRules",
          "assetId": "cr8qTWYzmiKt",
          "checksum": "3095e2f1b64c93d4aa91f0ee1d27d44e"
        },
        {
          "type": "renderModule",
          "assetId": "h-5niLVuipwl",
          "checksum": "c2d91f0d62525fd933e812864abf23ae"
        },
        {
          "type": "cssRules",
          "assetId": "h-5niLVuipwl",
          "checksum": "2cdaca1a86ff4282b47d5b369e9a3447"
        },
        {
          "type": "renderModule",
          "assetId": "T29IqgzAKopj",
          "checksum": "0749cab95830d9cfa2a093210cc4c62c"
        },
        {
          "type": "cssRules",
          "assetId": "T29IqgzAKopj",
          "checksum": "8e1f9422739755d9d9aa298f4a68a2d5"
        },
        {
          "type": "renderModule",
          "assetId": "pYyhVfDJ8UVI",
          "checksum": "35151c421be9f4c8ba1e491e410a6e91"
        },
        {
          "type": "cssRules",
          "assetId": "pYyhVfDJ8UVI",
          "checksum": "6fe17d0ee020dc28ec2610028c9888fd"
        },
        {
          "type": "renderModule",
          "assetId": "e0wXX_G1Uiuq",
          "checksum": "e49e3aea2056a9d847dd6defb7276143"
        },
        {
          "type": "cssRules",
          "assetId": "e0wXX_G1Uiuq",
          "checksum": "9fffa12f286a15695c78fa0e0ad25344"
        },
        {
          "type": "renderModule",
          "assetId": "MxOTJDJLWhAH",
          "checksum": "2842c67ca77b27bd0049c547a5ac1d9b"
        },
        {
          "type": "cssRules",
          "assetId": "MxOTJDJLWhAH",
          "checksum": "d481c2d9153423922c6ae6884498bdb5"
        },
        {
          "type": "renderModule",
          "assetId": "wdAwJs3dPlSa",
          "checksum": "b42285b79ca86fb8013d8945483b12a4"
        },
        {
          "type": "cssRules",
          "assetId": "wdAwJs3dPlSa",
          "checksum": "494a64e3ee85521d502b5cf4344671ca"
        },
        {
          "type": "renderModule",
          "assetId": "ARSndW9bltv7",
          "checksum": "b9b1d9f260976a789f1729eaa6def4c0"
        },
        {
          "type": "cssRules",
          "assetId": "ARSndW9bltv7",
          "checksum": "2bd476b8d9269e2e4f5cc6fddbeeebc9"
        },
        {
          "type": "renderModule",
          "assetId": "PxInRGDL40eG",
          "checksum": "d60fd0bfde6df75be687732b7a788e35"
        },
        {
          "type": "cssRules",
          "assetId": "PxInRGDL40eG",
          "checksum": "798df1a6e9b821b953dd22b7b7e9523c"
        },
        {
          "type": "renderModule",
          "assetId": "YnCZvKzHuPe-",
          "checksum": "70e4d53202d80650452b1251083a4a21"
        },
        {
          "type": "cssRules",
          "assetId": "YnCZvKzHuPe-",
          "checksum": "6bfb57d47750ccce2cdaef87dc8014a4"
        },
        {
          "type": "renderModule",
          "assetId": "k5aE16whrDFf",
          "checksum": "78ea21f354691c6a562f6ded9d6d7463"
        },
        {
          "type": "cssRules",
          "assetId": "k5aE16whrDFf",
          "checksum": "802179b66bd45207e40ce2511cadfdfc"
        },
        {
          "type": "renderModule",
          "assetId": "AETPdr_Y4_DA",
          "checksum": "34b8305f8f93a9f8acaaa78e2373164e"
        },
        {
          "type": "cssRules",
          "assetId": "AETPdr_Y4_DA",
          "checksum": "16cbcf02fd71e14a49e77c33189ca77f"
        },
        {
          "type": "renderModule",
          "assetId": "lo9LNs-Sx-Z9",
          "checksum": "2850635993945d72799b46e03ea2162c"
        },
        {
          "type": "cssRules",
          "assetId": "lo9LNs-Sx-Z9",
          "checksum": "355710cfa91244cd2e2279151c5c6e10"
        },
        {
          "type": "renderModule",
          "assetId": "_MvHLSciniwS",
          "checksum": "e358b919f7949d8db062dda930048cc7"
        },
        {
          "type": "cssRules",
          "assetId": "_MvHLSciniwS",
          "checksum": "c12a966432b357b3bbdfe4a300d9b40d"
        },
        {
          "type": "renderModule",
          "assetId": "w82YywdoVWCd",
          "checksum": "6be90faf1eac67ee2b0db14759a58976"
        },
        {
          "type": "cssRules",
          "assetId": "w82YywdoVWCd",
          "checksum": "4077e524c88e6baaf941cc98902e55bf"
        },
        {
          "type": "renderModule",
          "assetId": "tDSVEoAw8RE-O",
          "checksum": "7e9dd793ca57bbeb16c40e4253346388"
        },
        {
          "type": "cssRules",
          "assetId": "tDSVEoAw8RE-O",
          "checksum": "9c57fb51d694952d22f53633f7246af6"
        },
        {
          "type": "renderModule",
          "assetId": "5L7SKHMUeIETo",
          "checksum": "5cb39a60fc25f6f39b25806f18b98b55"
        },
        {
          "type": "cssRules",
          "assetId": "5L7SKHMUeIETo",
          "checksum": "ff570f5097d93990ae7fbb03c1d00ff9"
        },
        {
          "type": "renderModule",
          "assetId": "U2TqGD1uPogLe",
          "checksum": "d58f76f26769c56627b422f231b4f003"
        },
        {
          "type": "cssRules",
          "assetId": "U2TqGD1uPogLe",
          "checksum": "1c301a657dc7376fa7df54c68b98bd5a"
        },
        {
          "type": "renderModule",
          "assetId": "tf5M08sLxb-jZ",
          "checksum": "4b3c4d0e7c681ae62e66ad3d4d33c00c"
        },
        {
          "type": "cssRules",
          "assetId": "tf5M08sLxb-jZ",
          "checksum": "18dac069fd32ae031b1b14be217c7186"
        },
        {
          "type": "renderModule",
          "assetId": "CDyDuvLezUsVf",
          "checksum": "76a86988835005c619065bfd893e7f11"
        },
        {
          "type": "cssRules",
          "assetId": "CDyDuvLezUsVf",
          "checksum": "1bbb4c138b03d997f03ce2a9297c8e40"
        },
        {
          "type": "renderModule",
          "assetId": "mMDkq_hl5tD3_",
          "checksum": "e0ed2595305fbc68c151b7287972f4e1"
        },
        {
          "type": "cssRules",
          "assetId": "mMDkq_hl5tD3_",
          "checksum": "0860627a41879d382799deee6c86e18d"
        },
        {
          "type": "renderModule",
          "assetId": "tzq71K8qtXHOj",
          "checksum": "bcfc4fb8f54b5049c6ad695c2f576ac7"
        },
        {
          "type": "cssRules",
          "assetId": "tzq71K8qtXHOj",
          "checksum": "c7561d1b70bda99f2fd1545102c3faca"
        },
        {
          "type": "renderModule",
          "assetId": "-3OMKxRuXnwbo",
          "checksum": "31d5553478f904d3b0391f628af8c107"
        },
        {
          "type": "cssRules",
          "assetId": "-3OMKxRuXnwbo",
          "checksum": "7a1541f9053144714348e2dd1a897aa6"
        },
        {
          "type": "renderModule",
          "assetId": "Jaa1OaTc0XCX3",
          "checksum": "2a1ac2564e49f00b1114738c0823e940"
        },
        {
          "type": "cssRules",
          "assetId": "Jaa1OaTc0XCX3",
          "checksum": "5a5d0d37bcbf6a73d87d823fa606c722"
        },
        {
          "type": "renderModule",
          "assetId": "qe2_ntIZdwjxj",
          "checksum": "560f7a894ff35dd0cab9edd02559ad67"
        },
        {
          "type": "cssRules",
          "assetId": "qe2_ntIZdwjxj",
          "checksum": "f9826235de9c8b8818fadbe3afee8a6b"
        },
        {
          "type": "renderModule",
          "assetId": "mwKnfShdBNNjS",
          "checksum": "58c203dd4ff8a6555a78e2f590f92ce2"
        },
        {
          "type": "cssRules",
          "assetId": "mwKnfShdBNNjS",
          "checksum": "2d3f519f9240052c47a26058ec003d05"
        },
        {
          "type": "renderModule",
          "assetId": "lV8cBegov1BaA",
          "checksum": "f6362705f56e81021d6a9e791864e122"
        },
        {
          "type": "cssRules",
          "assetId": "lV8cBegov1BaA",
          "checksum": "96be3137ca0cc0b2c2015f763e577585"
        },
        {
          "type": "icon",
          "assetId": "qzsOmHQOGKyk2",
          "checksum": "d9372fab8827f5df3018f9321066bf4d"
        },
        {
          "type": "icon",
          "assetId": "6cA10nvk1dgFV",
          "checksum": "4e47c9f479bb381d940d89add23c4cf8"
        },
        {
          "type": "icon",
          "assetId": "g3FgvzRQUhtdk",
          "checksum": "f3ab4c94f32e68cd1e191b9465841bcb"
        },
        {
          "type": "icon",
          "assetId": "kWuTzpLOgfC8O",
          "checksum": "04228903cffcdd262074834c81ed5316"
        },
        {
          "type": "icon",
          "assetId": "qw3KvrohpbiRp",
          "checksum": "a8ac390c230567abb123e1963032d25c"
        },
        {
          "type": "icon",
          "assetId": "hTvTnoqiw2aym",
          "checksum": "4804178b90392019cd591a6a06a45b36"
        },
        {
          "type": "icon",
          "assetId": "sT78T_TxctM9O",
          "checksum": "8d0404cb7b3e33a289c9dafca5245f16"
        },
        {
          "type": "icon",
          "assetId": "azKPDTNykyI8V",
          "checksum": "6b44a8350ff0e6aba405004758d42834"
        },
        {
          "type": "icon",
          "assetId": "tDO97HqaZDnu6",
          "checksum": "e080f118db99d40375f0063d53950129"
        },
        {
          "type": "icon",
          "assetId": "kAv_hO6k8DcYT",
          "checksum": "91301227d7faf39fdbf9812acd61919e"
        },
        {
          "type": "icon",
          "assetId": "XDWU3mrRDauLi",
          "checksum": "13ddbc8742038d84bbfc39d99db29e49"
        },
        {
          "type": "icon",
          "assetId": "QzjM3nNEM28EV",
          "checksum": "7f25b3c12810ce035aa7411c4ed99c64"
        },
        {
          "type": "icon",
          "assetId": "dYImWh0HVtLm9",
          "checksum": "bfc521b1bef9600c83ad3b94b255caca"
        },
        {
          "type": "icon",
          "assetId": "kz8H8aw8aD9TB",
          "checksum": "0bbbf222e6e4593cfe3976cd20c48858"
        },
        {
          "type": "icon",
          "assetId": "mD3b3LhLCl8In",
          "checksum": "cd6e563b369dfb978b4c34bce406eee8"
        },
        {
          "type": "icon",
          "assetId": "d2AuPp_y3nwj4",
          "checksum": "ef25582f1c3d98c60a56c5cf963ab4fc"
        },
        {
          "type": "icon",
          "assetId": "3CaTyeIQBHtKr",
          "checksum": "6b9f37d2a33da05643d1a8b7d3c13e60"
        },
        {
          "type": "icon",
          "assetId": "oBzFhm0y_F2fx",
          "checksum": "0d059677b67dfaf095a70c9fd4081d09"
        },
        {
          "type": "icon",
          "assetId": "rybFA98tgveYt",
          "checksum": "07b08e7a48b2a540667a5b27231b23c2"
        },
        {
          "type": "icon",
          "assetId": "-vI2i1UQ-sYSr",
          "checksum": "fa9241544086a715727abb7a77925ea0"
        },
        {
          "type": "icon",
          "assetId": "GDTgi7GKFIZYa",
          "checksum": "805f87f36b6fd2d82166bac69d51d0de"
        },
        {
          "type": "icon",
          "assetId": "3uG_UIzAgAZMT",
          "checksum": "a82f137a5682a9414b17f2888193761f"
        },
        {
          "type": "icon",
          "assetId": "rVux1ZcviZ2Fv",
          "checksum": "a70eab60e4ddfa8d4a48c21c0bb02344"
        },
        {
          "type": "icon",
          "assetId": "WEhyUboBDRdHn",
          "checksum": "1e2d6ea9c8b0ed0aa5b6c051567be307"
        },
        {
          "type": "icon",
          "assetId": "PkwwgssZDD6gr",
          "checksum": "5a945e839b693f9d218539dc89a07bb8"
        },
        {
          "type": "icon",
          "assetId": "WmpOmxbLbJBkX",
          "checksum": "e34d8962553ce4d3d555b9815b455640"
        },
        {
          "type": "icon",
          "assetId": "BZqvvW_W32fls",
          "checksum": "e9143f573529dfa94e804675bfc36022"
        },
        {
          "type": "icon",
          "assetId": "1SKw4bJmgaQcy",
          "checksum": "56600244919f031f6992dae124db7fa6"
        },
        {
          "type": "icon",
          "assetId": "QR7H3lXEy8eLv",
          "checksum": "d0d8b2a2d723279cfb107ded7d291b6b"
        },
        {
          "type": "icon",
          "assetId": "OqonYBsJaMhOg",
          "checksum": "41a676c65a7eaa723786ca656be00129"
        },
        {
          "type": "icon",
          "assetId": "efbLTS6Zlx6ef",
          "checksum": "56fc2f0646332d3e45ec446a42949bf3"
        },
        {
          "type": "icon",
          "assetId": "JyY3pwK5FCsV4",
          "checksum": "7e73f428499ee9f00d06b2b9221f8e50"
        },
        {
          "type": "icon",
          "assetId": "PXMpwjhztkarF",
          "checksum": "634537335254f0558e744bece2e5b10c"
        },
        {
          "type": "icon",
          "assetId": "sdWujhztpnV5A",
          "checksum": "7fa9c19365c1c2dc95915345f1900efc"
        },
        {
          "type": "icon",
          "assetId": "YjsKtpKjYwdSo",
          "checksum": "66e9878a440f5d001008ec1650b2672e"
        },
        {
          "type": "icon",
          "assetId": "_-EX7DSMxZ8Jd",
          "checksum": "24e99cccfb2a01e446118639b2fac43d"
        },
        {
          "type": "icon",
          "assetId": "MuTps5uvEhCO6",
          "checksum": "5454bff28058e408895c1cbf9067bffa"
        },
        {
          "type": "icon",
          "assetId": "4y5gkZKUGiw8Z",
          "checksum": "e8f932e1b03aa4d2c1dc7e1e527c58f0"
        },
        {
          "type": "icon",
          "assetId": "zOFCsQqnoLxBq",
          "checksum": "f4b4787f94711ab3d1c1456c9c7c29e6"
        },
        {
          "type": "icon",
          "assetId": "j0J9n5eB0Nm5S",
          "checksum": "da41c034fbf989916268107c7950123a"
        },
        {
          "type": "icon",
          "assetId": "a_sqaX_0MTSx6",
          "checksum": "d8116165f02b73bffc0ee71a4ea3ac91"
        },
        {
          "type": "icon",
          "assetId": "aMbN3iWX8jLzY",
          "checksum": "1c4be5255cbf98a56bc9f07301c18465"
        },
        {
          "type": "icon",
          "assetId": "S3ueUpzylJptA",
          "checksum": "497660d6e64e7e0a1cb379571a770199"
        },
        {
          "type": "icon",
          "assetId": "CmDllxaRb-XlC",
          "checksum": "6bc1ca5c6ed736768d5d404347eedb56"
        },
        {
          "type": "icon",
          "assetId": "08X-sXpqj4Di7",
          "checksum": "ca70290caa8e4eb5bee0114aa49a128c"
        },
        {
          "type": "icon",
          "assetId": "3dfuGCBtahO6x",
          "checksum": "3acb69685d7d961dd254482ba1bf7f34"
        },
        {
          "type": "icon",
          "assetId": "pLw60QPb3wDQ1",
          "checksum": "3c4bd3875c3f8af2654fa845376e83a5"
        },
        {
          "type": "icon",
          "assetId": "XerO06Bjl564r",
          "checksum": "05ffcaf963030e79cce451f3627a5a2c"
        },
        {
          "type": "icon",
          "assetId": "ZcBCuuOpliGWl",
          "checksum": "7938e9882e75226996e6b1b36bb6f724"
        },
        {
          "type": "icon",
          "assetId": "bwlP8PJTZ03Lz",
          "checksum": "ef45c72fa35ae0b871cb9c7e68884ea0"
        },
        {
          "type": "icon",
          "assetId": "ixTEKW0OOduYr",
          "checksum": "b2a123fd852d3c90a1b190706da532c1"
        },
        {
          "type": "icon",
          "assetId": "YAQbtGQUV0Xee",
          "checksum": "61928849bee9d6257a734ed2ed00ef52"
        },
        {
          "type": "image",
          "assetId": "gjxug3aSVe9ui",
          "checksum": "9037672219b9777fd9a13e1cc13802cd"
        },
        {
          "type": "image",
          "assetId": "Z8Vt9oC4BfpnF",
          "checksum": "77e1201526f6769ef40ecf045dd505fc"
        },
        {
          "type": "image",
          "assetId": "7vbFUT4Ijlu7m",
          "checksum": "78c15f1f7e930fbba22aabece11019f4"
        },
        {
          "type": "image",
          "assetId": "1bJN63U5sVDwy",
          "checksum": "d5ccc4d022eb3b6fa229c9e99512f3c4"
        },
        {
          "type": "image",
          "assetId": "Bvi1qjqPZRDQS",
          "checksum": "8b511bd9a553123ee061409b21da58db"
        },
        {
          "type": "image",
          "assetId": "7W2lE11p2NMs9",
          "checksum": "ba446013b09cf0cff1614c059d880611"
        },
        {
          "type": "image",
          "assetId": "lPQVlg3TLjeZk",
          "checksum": "37c351d0f1b1f0e75cfcdf7c550c090c"
        },
        {
          "type": "image",
          "assetId": "4ne42KF9k0Hpl",
          "checksum": "3e376238e476b1b24a61b826def69244"
        },
        {
          "type": "image",
          "assetId": "DMXJ5Ey0gq5GS",
          "checksum": "ee5725d2fc21d266cea8c1e49ddd1e86"
        },
        {
          "type": "image",
          "assetId": "93AG9eswV3_Mg",
          "checksum": "827e4145d10d92763984b02888303302"
        },
        {
          "type": "image",
          "assetId": "M_3NHmsc5p4y7",
          "checksum": "76d3b6b3e949a7413436db1d5eda020f"
        },
        {
          "type": "image",
          "assetId": "XVK8NXcrNqgDI",
          "checksum": "5923d6e3dbb7b7dfe4edbfe868607970"
        },
        {
          "type": "image",
          "assetId": "Uqnnx4Vt_Cz4N",
          "checksum": "7005c55856495ebfe413eb9dff15fd91"
        },
        {
          "type": "image",
          "assetId": "jyME45dtw75J9",
          "checksum": "a4675fe96d7b59ca2e183df1c5a91125"
        },
        {
          "type": "image",
          "assetId": "vZJVq31Sa9Sez",
          "checksum": "87c4da3268374d5af4105285cc528620"
        },
        {
          "type": "image",
          "assetId": "r2ZPYxlipou8k",
          "checksum": "0a3316a91e1e9e892eb7a852023a70e8"
        },
        {
          "type": "image",
          "assetId": "FXjU35tGBCETP",
          "checksum": "7bdba716868ed91214b6556ac2c6f9ce"
        },
        {
          "type": "image",
          "assetId": "eAKhhKmrO48i7",
          "checksum": "f431685b59f86ef0bdd194c5b060d526"
        },
        {
          "type": "image",
          "assetId": "JtVEd0_r669ND",
          "checksum": "0628a89e5c42c5748a28fdd23a53b53c"
        },
        {
          "type": "image",
          "assetId": "kUv0xXIViLqV9",
          "checksum": "ddd3e15abcb047000cefac0858eb0333"
        },
        {
          "type": "image",
          "assetId": "2H7vPsaGA8oOy",
          "checksum": "9a13fde720780bd8cd9ffc72e173f5c7"
        },
        {
          "type": "image",
          "assetId": "MNkkYBPv3OCAj",
          "checksum": "f28fd9824de354546fa384a3ae0346ec"
        },
        {
          "type": "image",
          "assetId": "b5KQRMAFf-8-D",
          "checksum": "02ec001e96224ac2d10a35580ef89d5b"
        },
        {
          "type": "image",
          "assetId": "Dk3dyPpJSzhIp",
          "checksum": "c07fc85eda888b22ebefaa97e7aaf6e9"
        },
        {
          "type": "image",
          "assetId": "zA7JmbMXJRaDE",
          "checksum": "48ad29e18ec52424894fd39917548be6"
        },
        {
          "type": "image",
          "assetId": "C05_oaAmDCTch",
          "checksum": "65b5196015c3f495f1cf801bc5412201"
        },
        {
          "type": "image",
          "assetId": "k2EelegbbUHdg",
          "checksum": "f8c8494bba65e64822ce206b9616bab0"
        },
        {
          "type": "image",
          "assetId": "2pJXvWkEr4_ML",
          "checksum": "018e44b88edcb8d3501dc8e621c5108d"
        },
        {
          "type": "image",
          "assetId": "n9o4vaOa4TFOk",
          "checksum": "67c07b71a4c6336459c63c79b2d24a6c"
        },
        {
          "type": "renderModule",
          "assetId": "gG3tjBQMub9",
          "checksum": "fccb7a638278459f8ab9b384a8478269"
        },
        {
          "type": "cssRules",
          "assetId": "gG3tjBQMub9",
          "checksum": "62abee68b1832018ad390b2a686acff6"
        },
        {
          "type": "image",
          "assetId": "gJ-GPUTBh",
          "checksum": "196974010718386fa7cfb967399278a0"
        },
        {
          "type": "renderModule",
          "assetId": "0e89kY6kMy",
          "checksum": "ee363409a7607cfa31409237900fce0b"
        },
        {
          "type": "cssRules",
          "assetId": "0e89kY6kMy",
          "checksum": "ab8fbf4a472be71282f16224bad7a74e"
        },
        {
          "assetId": "rRiHBMbiCNZ6Mp9qsJpkyN",
          "type": "projectCss",
          "checksum": "7e6797019d0181175c60d50aa6a40429"
        }
      ]
    }
  ],
  "cliVersion": "0.1.114"
}
